{
  "name": "node",
  "version": "1.0.0",
  "lockfileVersion": 3,
  "requires": true,
  "packages": {
    "": {
      "name": "node",
      "version": "1.0.0",
      "license": "ISC",
      "dependencies": {
        "@nekz/b2": "npm:@jsr/nekz__b2@^0.1.1"
      }
    },
    "node_modules/@nekz/b2": {
      "name": "@jsr/nekz__b2",
      "version": "0.1.1",
      "resolved": "https://npm.jsr.io/~/7/@jsr/nekz__b2/0.1.1.tgz",
      "integrity": "sha512-jAwbp2mU6UEnx0DsTi4VaN75TH38w6yYx7dDPrRwh+kSPjuB7wMYzJ8/nSuQdivm9QEHZszwfk3hsMZrEpB8hQ=="
    }
  }
}
